// !$*UTF8*$!
{
	archiveVersion = 1;
	classes = {
	};
	objectVersion = 55;
	objects = {

/* Begin PBXBuildFile section */
		0F1567488375A4708162650A /* Pods_iOS_GrassdoorTests.framework in Frameworks */ = {isa = PBXBuildFile; fileRef = BF4E4119A93E3A39D64BED10 /* Pods_iOS_GrassdoorTests.framework */; };
		56FD970ADF5D96790842CF19 /* Pods_iOS_Grassdoor.framework in Frameworks */ = {isa = PBXBuildFile; fileRef = 45DCB372B0DF24DB3EED2571 /* Pods_iOS_Grassdoor.framework */; };
		7483C26ABE3F7AC261FA87C8 /* Pods_iOS_Grassdoor_iOS_GrassdoorUITests.framework in Frameworks */ = {isa = PBXBuildFile; fileRef = A0002DD4CED44C08A76AB3DB /* Pods_iOS_Grassdoor_iOS_GrassdoorUITests.framework */; };
		AD127965289A85450039006F /* TopRatedMoviesModel.swift in Sources */ = {isa = PBXBuildFile; fileRef = AD127964289A85450039006F /* TopRatedMoviesModel.swift */; };
		AD127967289AA2560039006F /* DashboardDetailsView.swift in Sources */ = {isa = PBXBuildFile; fileRef = AD127966289AA2560039006F /* DashboardDetailsView.swift */; };
		ADB53CA2289BE19D0090D4A5 /* VideoLoadingView.swift in Sources */ = {isa = PBXBuildFile; fileRef = ADB53CA1289BE19D0090D4A5 /* VideoLoadingView.swift */; };
		ADDD1AFA289D364200E4239D /* practice.swift in Sources */ = {isa = PBXBuildFile; fileRef = ADDD1AF9289D364200E4239D /* practice.swift */; };
		ADEA9B032898F3DB00991E34 /* iOS_GrassdoorApp.swift in Sources */ = {isa = PBXBuildFile; fileRef = ADEA9B022898F3DB00991E34 /* iOS_GrassdoorApp.swift */; };
		ADEA9B052898F3DB00991E34 /* ContentView.swift in Sources */ = {isa = PBXBuildFile; fileRef = ADEA9B042898F3DB00991E34 /* ContentView.swift */; };
		ADEA9B072898F3DC00991E34 /* Assets.xcassets in Resources */ = {isa = PBXBuildFile; fileRef = ADEA9B062898F3DC00991E34 /* Assets.xcassets */; };
		ADEA9B0A2898F3DC00991E34 /* Preview Assets.xcassets in Resources */ = {isa = PBXBuildFile; fileRef = ADEA9B092898F3DC00991E34 /* Preview Assets.xcassets */; };
		ADEA9B0C2898F3DC00991E34 /* Persistence.swift in Sources */ = {isa = PBXBuildFile; fileRef = ADEA9B0B2898F3DC00991E34 /* Persistence.swift */; };
		ADEA9B0F2898F3DC00991E34 /* iOS_Grassdoor.xcdatamodeld in Sources */ = {isa = PBXBuildFile; fileRef = ADEA9B0D2898F3DC00991E34 /* iOS_Grassdoor.xcdatamodeld */; };
		ADEA9B192898F3DC00991E34 /* iOS_GrassdoorTests.swift in Sources */ = {isa = PBXBuildFile; fileRef = ADEA9B182898F3DC00991E34 /* iOS_GrassdoorTests.swift */; };
		ADEA9B232898F3DD00991E34 /* iOS_GrassdoorUITests.swift in Sources */ = {isa = PBXBuildFile; fileRef = ADEA9B222898F3DC00991E34 /* iOS_GrassdoorUITests.swift */; };
		ADEA9B252898F3DD00991E34 /* iOS_GrassdoorUITestsLaunchTests.swift in Sources */ = {isa = PBXBuildFile; fileRef = ADEA9B242898F3DD00991E34 /* iOS_GrassdoorUITestsLaunchTests.swift */; };
		ADEA9B352898F4E800991E34 /* DashboadView.swift in Sources */ = {isa = PBXBuildFile; fileRef = ADEA9B342898F4E800991E34 /* DashboadView.swift */; };
		ADEA9B3828995A8400991E34 /* DashboardViewModel.swift in Sources */ = {isa = PBXBuildFile; fileRef = ADEA9B3728995A8400991E34 /* DashboardViewModel.swift */; };
		ADEA9B3B28995A9900991E34 /* DashboardModel.swift in Sources */ = {isa = PBXBuildFile; fileRef = ADEA9B3A28995A9900991E34 /* DashboardModel.swift */; };
		ADEA9B3E28995DEC00991E34 /* DashboardManager.swift in Sources */ = {isa = PBXBuildFile; fileRef = ADEA9B3D28995DEC00991E34 /* DashboardManager.swift */; };
		ADEA9B40289967F900991E34 /* NetworkVC.swift in Sources */ = {isa = PBXBuildFile; fileRef = ADEA9B3F289967F900991E34 /* NetworkVC.swift */; };
/* End PBXBuildFile section */

/* Begin PBXContainerItemProxy section */
		ADEA9B152898F3DC00991E34 /* PBXContainerItemProxy */ = {
			isa = PBXContainerItemProxy;
			containerPortal = ADEA9AF72898F3DB00991E34 /* Project object */;
			proxyType = 1;
			remoteGlobalIDString = ADEA9AFE2898F3DB00991E34;
			remoteInfo = iOS_Grassdoor;
		};
		ADEA9B1F2898F3DC00991E34 /* PBXContainerItemProxy */ = {
			isa = PBXContainerItemProxy;
			containerPortal = ADEA9AF72898F3DB00991E34 /* Project object */;
			proxyType = 1;
			remoteGlobalIDString = ADEA9AFE2898F3DB00991E34;
			remoteInfo = iOS_Grassdoor;
		};
/* End PBXContainerItemProxy section */

/* Begin PBXFileReference section */
		0B5E6A70F34F16889AA24A36 /* Pods-iOS_GrassdoorTests.release.xcconfig */ = {isa = PBXFileReference; includeInIndex = 1; lastKnownFileType = text.xcconfig; name = "Pods-iOS_GrassdoorTests.release.xcconfig"; path = "Target Support Files/Pods-iOS_GrassdoorTests/Pods-iOS_GrassdoorTests.release.xcconfig"; sourceTree = "<group>"; };
		2D5C7AF3FCEBBC612E60750F /* Pods-iOS_Grassdoor-iOS_GrassdoorUITests.release.xcconfig */ = {isa = PBXFileReference; includeInIndex = 1; lastKnownFileType = text.xcconfig; name = "Pods-iOS_Grassdoor-iOS_GrassdoorUITests.release.xcconfig"; path = "Target Support Files/Pods-iOS_Grassdoor-iOS_GrassdoorUITests/Pods-iOS_Grassdoor-iOS_GrassdoorUITests.release.xcconfig"; sourceTree = "<group>"; };
		3D59A2A5DC33BBE9C92C9B58 /* Pods-iOS_GrassdoorTests.debug.xcconfig */ = {isa = PBXFileReference; includeInIndex = 1; lastKnownFileType = text.xcconfig; name = "Pods-iOS_GrassdoorTests.debug.xcconfig"; path = "Target Support Files/Pods-iOS_GrassdoorTests/Pods-iOS_GrassdoorTests.debug.xcconfig"; sourceTree = "<group>"; };
		45DCB372B0DF24DB3EED2571 /* Pods_iOS_Grassdoor.framework */ = {isa = PBXFileReference; explicitFileType = wrapper.framework; includeInIndex = 0; path = Pods_iOS_Grassdoor.framework; sourceTree = BUILT_PRODUCTS_DIR; };
		5BB5118EC1194EB63BC849D4 /* Pods-iOS_Grassdoor.debug.xcconfig */ = {isa = PBXFileReference; includeInIndex = 1; lastKnownFileType = text.xcconfig; name = "Pods-iOS_Grassdoor.debug.xcconfig"; path = "Target Support Files/Pods-iOS_Grassdoor/Pods-iOS_Grassdoor.debug.xcconfig"; sourceTree = "<group>"; };
		7D1130B071D1A4A487F4FE94 /* Pods-iOS_Grassdoor-iOS_GrassdoorUITests.debug.xcconfig */ = {isa = PBXFileReference; includeInIndex = 1; lastKnownFileType = text.xcconfig; name = "Pods-iOS_Grassdoor-iOS_GrassdoorUITests.debug.xcconfig"; path = "Target Support Files/Pods-iOS_Grassdoor-iOS_GrassdoorUITests/Pods-iOS_Grassdoor-iOS_GrassdoorUITests.debug.xcconfig"; sourceTree = "<group>"; };
		A0002DD4CED44C08A76AB3DB /* Pods_iOS_Grassdoor_iOS_GrassdoorUITests.framework */ = {isa = PBXFileReference; explicitFileType = wrapper.framework; includeInIndex = 0; path = Pods_iOS_Grassdoor_iOS_GrassdoorUITests.framework; sourceTree = BUILT_PRODUCTS_DIR; };
		AD127964289A85450039006F /* TopRatedMoviesModel.swift */ = {isa = PBXFileReference; lastKnownFileType = sourcecode.swift; path = TopRatedMoviesModel.swift; sourceTree = "<group>"; };
		AD127966289AA2560039006F /* DashboardDetailsView.swift */ = {isa = PBXFileReference; lastKnownFileType = sourcecode.swift; path = DashboardDetailsView.swift; sourceTree = "<group>"; };
		ADB53CA1289BE19D0090D4A5 /* VideoLoadingView.swift */ = {isa = PBXFileReference; lastKnownFileType = sourcecode.swift; path = VideoLoadingView.swift; sourceTree = "<group>"; };
		ADDD1AF9289D364200E4239D /* practice.swift */ = {isa = PBXFileReference; lastKnownFileType = sourcecode.swift; path = practice.swift; sourceTree = "<group>"; };
		ADEA9AFF2898F3DB00991E34 /* iOS_Grassdoor.app */ = {isa = PBXFileReference; explicitFileType = wrapper.application; includeInIndex = 0; path = iOS_Grassdoor.app; sourceTree = BUILT_PRODUCTS_DIR; };
		ADEA9B022898F3DB00991E34 /* iOS_GrassdoorApp.swift */ = {isa = PBXFileReference; lastKnownFileType = sourcecode.swift; path = iOS_GrassdoorApp.swift; sourceTree = "<group>"; };
		ADEA9B042898F3DB00991E34 /* ContentView.swift */ = {isa = PBXFileReference; lastKnownFileType = sourcecode.swift; path = ContentView.swift; sourceTree = "<group>"; };
		ADEA9B062898F3DC00991E34 /* Assets.xcassets */ = {isa = PBXFileReference; lastKnownFileType = folder.assetcatalog; path = Assets.xcassets; sourceTree = "<group>"; };
		ADEA9B092898F3DC00991E34 /* Preview Assets.xcassets */ = {isa = PBXFileReference; lastKnownFileType = folder.assetcatalog; path = "Preview Assets.xcassets"; sourceTree = "<group>"; };
		ADEA9B0B2898F3DC00991E34 /* Persistence.swift */ = {isa = PBXFileReference; lastKnownFileType = sourcecode.swift; path = Persistence.swift; sourceTree = "<group>"; };
		ADEA9B0E2898F3DC00991E34 /* iOS_Grassdoor.xcdatamodel */ = {isa = PBXFileReference; lastKnownFileType = wrapper.xcdatamodel; path = iOS_Grassdoor.xcdatamodel; sourceTree = "<group>"; };
		ADEA9B142898F3DC00991E34 /* iOS_GrassdoorTests.xctest */ = {isa = PBXFileReference; explicitFileType = wrapper.cfbundle; includeInIndex = 0; path = iOS_GrassdoorTests.xctest; sourceTree = BUILT_PRODUCTS_DIR; };
		ADEA9B182898F3DC00991E34 /* iOS_GrassdoorTests.swift */ = {isa = PBXFileReference; lastKnownFileType = sourcecode.swift; path = iOS_GrassdoorTests.swift; sourceTree = "<group>"; };
		ADEA9B1E2898F3DC00991E34 /* iOS_GrassdoorUITests.xctest */ = {isa = PBXFileReference; explicitFileType = wrapper.cfbundle; includeInIndex = 0; path = iOS_GrassdoorUITests.xctest; sourceTree = BUILT_PRODUCTS_DIR; };
		ADEA9B222898F3DC00991E34 /* iOS_GrassdoorUITests.swift */ = {isa = PBXFileReference; lastKnownFileType = sourcecode.swift; path = iOS_GrassdoorUITests.swift; sourceTree = "<group>"; };
		ADEA9B242898F3DD00991E34 /* iOS_GrassdoorUITestsLaunchTests.swift */ = {isa = PBXFileReference; lastKnownFileType = sourcecode.swift; path = iOS_GrassdoorUITestsLaunchTests.swift; sourceTree = "<group>"; };
		ADEA9B342898F4E800991E34 /* DashboadView.swift */ = {isa = PBXFileReference; lastKnownFileType = sourcecode.swift; path = DashboadView.swift; sourceTree = "<group>"; };
		ADEA9B3728995A8400991E34 /* DashboardViewModel.swift */ = {isa = PBXFileReference; lastKnownFileType = sourcecode.swift; path = DashboardViewModel.swift; sourceTree = "<group>"; };
		ADEA9B3A28995A9900991E34 /* DashboardModel.swift */ = {isa = PBXFileReference; lastKnownFileType = sourcecode.swift; path = DashboardModel.swift; sourceTree = "<group>"; };
		ADEA9B3D28995DEC00991E34 /* DashboardManager.swift */ = {isa = PBXFileReference; lastKnownFileType = sourcecode.swift; path = DashboardManager.swift; sourceTree = "<group>"; };
		ADEA9B3F289967F900991E34 /* NetworkVC.swift */ = {isa = PBXFileReference; lastKnownFileType = sourcecode.swift; path = NetworkVC.swift; sourceTree = "<group>"; };
		BF4E4119A93E3A39D64BED10 /* Pods_iOS_GrassdoorTests.framework */ = {isa = PBXFileReference; explicitFileType = wrapper.framework; includeInIndex = 0; path = Pods_iOS_GrassdoorTests.framework; sourceTree = BUILT_PRODUCTS_DIR; };
		D1021298413C843EBB7CF555 /* Pods-iOS_Grassdoor.release.xcconfig */ = {isa = PBXFileReference; includeInIndex = 1; lastKnownFileType = text.xcconfig; name = "Pods-iOS_Grassdoor.release.xcconfig"; path = "Target Support Files/Pods-iOS_Grassdoor/Pods-iOS_Grassdoor.release.xcconfig"; sourceTree = "<group>"; };
/* End PBXFileReference section */

/* Begin PBXFrameworksBuildPhase section */
		ADEA9AFC2898F3DB00991E34 /* Frameworks */ = {
			isa = PBXFrameworksBuildPhase;
			buildActionMask = 2147483647;
			files = (
				56FD970ADF5D96790842CF19 /* Pods_iOS_Grassdoor.framework in Frameworks */,
			);
			runOnlyForDeploymentPostprocessing = 0;
		};
		ADEA9B112898F3DC00991E34 /* Frameworks */ = {
			isa = PBXFrameworksBuildPhase;
			buildActionMask = 2147483647;
			files = (
				0F1567488375A4708162650A /* Pods_iOS_GrassdoorTests.framework in Frameworks */,
			);
			runOnlyForDeploymentPostprocessing = 0;
		};
		ADEA9B1B2898F3DC00991E34 /* Frameworks */ = {
			isa = PBXFrameworksBuildPhase;
			buildActionMask = 2147483647;
			files = (
				7483C26ABE3F7AC261FA87C8 /* Pods_iOS_Grassdoor_iOS_GrassdoorUITests.framework in Frameworks */,
			);
			runOnlyForDeploymentPostprocessing = 0;
		};
/* End PBXFrameworksBuildPhase section */

/* Begin PBXGroup section */
		8EABB6C3F088A0D702EB2E97 /* Pods */ = {
			isa = PBXGroup;
			children = (
				5BB5118EC1194EB63BC849D4 /* Pods-iOS_Grassdoor.debug.xcconfig */,
				D1021298413C843EBB7CF555 /* Pods-iOS_Grassdoor.release.xcconfig */,
				7D1130B071D1A4A487F4FE94 /* Pods-iOS_Grassdoor-iOS_GrassdoorUITests.debug.xcconfig */,
				2D5C7AF3FCEBBC612E60750F /* Pods-iOS_Grassdoor-iOS_GrassdoorUITests.release.xcconfig */,
				3D59A2A5DC33BBE9C92C9B58 /* Pods-iOS_GrassdoorTests.debug.xcconfig */,
				0B5E6A70F34F16889AA24A36 /* Pods-iOS_GrassdoorTests.release.xcconfig */,
			);
			path = Pods;
			sourceTree = "<group>";
		};
		ADEA9AF62898F3DB00991E34 = {
			isa = PBXGroup;
			children = (
				ADEA9B012898F3DB00991E34 /* iOS_Grassdoor */,
				ADEA9B172898F3DC00991E34 /* iOS_GrassdoorTests */,
				ADEA9B212898F3DC00991E34 /* iOS_GrassdoorUITests */,
				ADEA9B002898F3DB00991E34 /* Products */,
				8EABB6C3F088A0D702EB2E97 /* Pods */,
				DF0D56681D3C50811E55A1EE /* Frameworks */,
			);
			sourceTree = "<group>";
		};
		ADEA9B002898F3DB00991E34 /* Products */ = {
			isa = PBXGroup;
			children = (
				ADEA9AFF2898F3DB00991E34 /* iOS_Grassdoor.app */,
				ADEA9B142898F3DC00991E34 /* iOS_GrassdoorTests.xctest */,
				ADEA9B1E2898F3DC00991E34 /* iOS_GrassdoorUITests.xctest */,
			);
			name = Products;
			sourceTree = "<group>";
		};
		ADEA9B012898F3DB00991E34 /* iOS_Grassdoor */ = {
			isa = PBXGroup;
			children = (
				ADEA9B3C28995DD600991E34 /* Manager */,
				ADEA9B3928995A8A00991E34 /* Models */,
				ADEA9B3628995A6B00991E34 /* ViewModel */,
				ADEA9B312898F46800991E34 /* UI */,
				ADEA9B022898F3DB00991E34 /* iOS_GrassdoorApp.swift */,
				ADEA9B042898F3DB00991E34 /* ContentView.swift */,
				ADEA9B062898F3DC00991E34 /* Assets.xcassets */,
				ADEA9B0B2898F3DC00991E34 /* Persistence.swift */,
				ADEA9B0D2898F3DC00991E34 /* iOS_Grassdoor.xcdatamodeld */,
				ADEA9B082898F3DC00991E34 /* Preview Content */,
			);
			path = iOS_Grassdoor;
			sourceTree = "<group>";
		};
		ADEA9B082898F3DC00991E34 /* Preview Content */ = {
			isa = PBXGroup;
			children = (
				ADEA9B092898F3DC00991E34 /* Preview Assets.xcassets */,
			);
			path = "Preview Content";
			sourceTree = "<group>";
		};
		ADEA9B172898F3DC00991E34 /* iOS_GrassdoorTests */ = {
			isa = PBXGroup;
			children = (
				ADEA9B182898F3DC00991E34 /* iOS_GrassdoorTests.swift */,
			);
			path = iOS_GrassdoorTests;
			sourceTree = "<group>";
		};
		ADEA9B212898F3DC00991E34 /* iOS_GrassdoorUITests */ = {
			isa = PBXGroup;
			children = (
				ADEA9B222898F3DC00991E34 /* iOS_GrassdoorUITests.swift */,
				ADEA9B242898F3DD00991E34 /* iOS_GrassdoorUITestsLaunchTests.swift */,
			);
			path = iOS_GrassdoorUITests;
			sourceTree = "<group>";
		};
		ADEA9B312898F46800991E34 /* UI */ = {
			isa = PBXGroup;
			children = (
				ADEA9B342898F4E800991E34 /* DashboadView.swift */,
				AD127966289AA2560039006F /* DashboardDetailsView.swift */,
				ADB53CA1289BE19D0090D4A5 /* VideoLoadingView.swift */,
				ADDD1AF9289D364200E4239D /* practice.swift */,
			);
			path = UI;
			sourceTree = "<group>";
		};
		ADEA9B3628995A6B00991E34 /* ViewModel */ = {
			isa = PBXGroup;
			children = (
				ADEA9B3728995A8400991E34 /* DashboardViewModel.swift */,
			);
			path = ViewModel;
			sourceTree = "<group>";
		};
		ADEA9B3928995A8A00991E34 /* Models */ = {
			isa = PBXGroup;
			children = (
				ADEA9B3A28995A9900991E34 /* DashboardModel.swift */,
				AD127964289A85450039006F /* TopRatedMoviesModel.swift */,
			);
			path = Models;
			sourceTree = "<group>";
		};
		ADEA9B3C28995DD600991E34 /* Manager */ = {
			isa = PBXGroup;
			children = (
				ADEA9B3D28995DEC00991E34 /* DashboardManager.swift */,
				ADEA9B3F289967F900991E34 /* NetworkVC.swift */,
			);
			path = Manager;
			sourceTree = "<group>";
		};
		DF0D56681D3C50811E55A1EE /* Frameworks */ = {
			isa = PBXGroup;
			children = (
				45DCB372B0DF24DB3EED2571 /* Pods_iOS_Grassdoor.framework */,
				A0002DD4CED44C08A76AB3DB /* Pods_iOS_Grassdoor_iOS_GrassdoorUITests.framework */,
				BF4E4119A93E3A39D64BED10 /* Pods_iOS_GrassdoorTests.framework */,
			);
			name = Frameworks;
			sourceTree = "<group>";
		};
/* End PBXGroup section */

/* Begin PBXNativeTarget section */
		ADEA9AFE2898F3DB00991E34 /* iOS_Grassdoor */ = {
			isa = PBXNativeTarget;
			buildConfigurationList = ADEA9B282898F3DD00991E34 /* Build configuration list for PBXNativeTarget "iOS_Grassdoor" */;
			buildPhases = (
				676BBAAB03B900CC0125841E /* [CP] Check Pods Manifest.lock */,
				ADEA9AFB2898F3DB00991E34 /* Sources */,
				ADEA9AFC2898F3DB00991E34 /* Frameworks */,
				ADEA9AFD2898F3DB00991E34 /* Resources */,
				F441C74170A0402F4B436A5D /* [CP] Embed Pods Frameworks */,
			);
			buildRules = (
			);
			dependencies = (
			);
			name = iOS_Grassdoor;
			productName = iOS_Grassdoor;
			productReference = ADEA9AFF2898F3DB00991E34 /* iOS_Grassdoor.app */;
			productType = "com.apple.product-type.application";
		};
		ADEA9B132898F3DC00991E34 /* iOS_GrassdoorTests */ = {
			isa = PBXNativeTarget;
			buildConfigurationList = ADEA9B2B2898F3DD00991E34 /* Build configuration list for PBXNativeTarget "iOS_GrassdoorTests" */;
			buildPhases = (
				6085D85C10506C0C66A57A96 /* [CP] Check Pods Manifest.lock */,
				ADEA9B102898F3DC00991E34 /* Sources */,
				ADEA9B112898F3DC00991E34 /* Frameworks */,
				ADEA9B122898F3DC00991E34 /* Resources */,
			);
			buildRules = (
			);
			dependencies = (
				ADEA9B162898F3DC00991E34 /* PBXTargetDependency */,
			);
			name = iOS_GrassdoorTests;
			productName = iOS_GrassdoorTests;
			productReference = ADEA9B142898F3DC00991E34 /* iOS_GrassdoorTests.xctest */;
			productType = "com.apple.product-type.bundle.unit-test";
		};
		ADEA9B1D2898F3DC00991E34 /* iOS_GrassdoorUITests */ = {
			isa = PBXNativeTarget;
			buildConfigurationList = ADEA9B2E2898F3DD00991E34 /* Build configuration list for PBXNativeTarget "iOS_GrassdoorUITests" */;
			buildPhases = (
				16646533847F84AFE52E6161 /* [CP] Check Pods Manifest.lock */,
				ADEA9B1A2898F3DC00991E34 /* Sources */,
				ADEA9B1B2898F3DC00991E34 /* Frameworks */,
				ADEA9B1C2898F3DC00991E34 /* Resources */,
				301DEB4B9B73B8B3356F3953 /* [CP] Embed Pods Frameworks */,
			);
			buildRules = (
			);
			dependencies = (
				ADEA9B202898F3DC00991E34 /* PBXTargetDependency */,
			);
			name = iOS_GrassdoorUITests;
			productName = iOS_GrassdoorUITests;
			productReference = ADEA9B1E2898F3DC00991E34 /* iOS_GrassdoorUITests.xctest */;
			productType = "com.apple.product-type.bundle.ui-testing";
		};
/* End PBXNativeTarget section */

/* Begin PBXProject section */
		ADEA9AF72898F3DB00991E34 /* Project object */ = {
			isa = PBXProject;
			attributes = {
				BuildIndependentTargetsInParallel = 1;
				LastSwiftUpdateCheck = 1340;
				LastUpgradeCheck = 1340;
				TargetAttributes = {
					ADEA9AFE2898F3DB00991E34 = {
						CreatedOnToolsVersion = 13.4;
					};
					ADEA9B132898F3DC00991E34 = {
						CreatedOnToolsVersion = 13.4;
						TestTargetID = ADEA9AFE2898F3DB00991E34;
					};
					ADEA9B1D2898F3DC00991E34 = {
						CreatedOnToolsVersion = 13.4;
						TestTargetID = ADEA9AFE2898F3DB00991E34;
					};
				};
			};
			buildConfigurationList = ADEA9AFA2898F3DB00991E34 /* Build configuration list for PBXProject "iOS_Grassdoor" */;
			compatibilityVersion = "Xcode 13.0";
			developmentRegion = en;
			hasScannedForEncodings = 0;
			knownRegions = (
				en,
				Base,
			);
			mainGroup = ADEA9AF62898F3DB00991E34;
			productRefGroup = ADEA9B002898F3DB00991E34 /* Products */;
			projectDirPath = "";
			projectRoot = "";
			targets = (
				ADEA9AFE2898F3DB00991E34 /* iOS_Grassdoor */,
				ADEA9B132898F3DC00991E34 /* iOS_GrassdoorTests */,
				ADEA9B1D2898F3DC00991E34 /* iOS_GrassdoorUITests */,
			);
		};
/* End PBXProject section */

/* Begin PBXResourcesBuildPhase section */
		ADEA9AFD2898F3DB00991E34 /* Resources */ = {
			isa = PBXResourcesBuildPhase;
			buildActionMask = 2147483647;
			files = (
				ADEA9B0A2898F3DC00991E34 /* Preview Assets.xcassets in Resources */,
				ADEA9B072898F3DC00991E34 /* Assets.xcassets in Resources */,
			);
			runOnlyForDeploymentPostprocessing = 0;
		};
		ADEA9B122898F3DC00991E34 /* Resources */ = {
			isa = PBXResourcesBuildPhase;
			buildActionMask = 2147483647;
			files = (
			);
			runOnlyForDeploymentPostprocessing = 0;
		};
		ADEA9B1C2898F3DC00991E34 /* Resources */ = {
			isa = PBXResourcesBuildPhase;
			buildActionMask = 2147483647;
			files = (
			);
			runOnlyForDeploymentPostprocessing = 0;
		};
/* End PBXResourcesBuildPhase section */

/* Begin PBXShellScriptBuildPhase section */
		16646533847F84AFE52E6161 /* [CP] Check Pods Manifest.lock */ = {
			isa = PBXShellScriptBuildPhase;
			buildActionMask = 2147483647;
			files = (
			);
			inputFileListPaths = (
			);
			inputPaths = (
				"${PODS_PODFILE_DIR_PATH}/Podfile.lock",
				"${PODS_ROOT}/Manifest.lock",
			);
			name = "[CP] Check Pods Manifest.lock";
			outputFileListPaths = (
			);
			outputPaths = (
				"$(DERIVED_FILE_DIR)/Pods-iOS_Grassdoor-iOS_GrassdoorUITests-checkManifestLockResult.txt",
			);
			runOnlyForDeploymentPostprocessing = 0;
			shellPath = /bin/sh;
			shellScript = "diff \"${PODS_PODFILE_DIR_PATH}/Podfile.lock\" \"${PODS_ROOT}/Manifest.lock\" > /dev/null\nif [ $? != 0 ] ; then\n    # print error to STDERR\n    echo \"error: The sandbox is not in sync with the Podfile.lock. Run 'pod install' or update your CocoaPods installation.\" >&2\n    exit 1\nfi\n# This output is used by Xcode 'outputs' to avoid re-running this script phase.\necho \"SUCCESS\" > \"${SCRIPT_OUTPUT_FILE_0}\"\n";
			showEnvVarsInLog = 0;
		};
		301DEB4B9B73B8B3356F3953 /* [CP] Embed Pods Frameworks */ = {
			isa = PBXShellScriptBuildPhase;
			buildActionMask = 2147483647;
			files = (
			);
			inputFileListPaths = (
				"${PODS_ROOT}/Target Support Files/Pods-iOS_Grassdoor-iOS_GrassdoorUITests/Pods-iOS_Grassdoor-iOS_GrassdoorUITests-frameworks-${CONFIGURATION}-input-files.xcfilelist",
			);
			name = "[CP] Embed Pods Frameworks";
			outputFileListPaths = (
				"${PODS_ROOT}/Target Support Files/Pods-iOS_Grassdoor-iOS_GrassdoorUITests/Pods-iOS_Grassdoor-iOS_GrassdoorUITests-frameworks-${CONFIGURATION}-output-files.xcfilelist",
			);
			runOnlyForDeploymentPostprocessing = 0;
			shellPath = /bin/sh;
			shellScript = "\"${PODS_ROOT}/Target Support Files/Pods-iOS_Grassdoor-iOS_GrassdoorUITests/Pods-iOS_Grassdoor-iOS_GrassdoorUITests-frameworks.sh\"\n";
			showEnvVarsInLog = 0;
		};
		6085D85C10506C0C66A57A96 /* [CP] Check Pods Manifest.lock */ = {
			isa = PBXShellScriptBuildPhase;
			buildActionMask = 2147483647;
			files = (
			);
			inputFileListPaths = (
			);
			inputPaths = (
				"${PODS_PODFILE_DIR_PATH}/Podfile.lock",
				"${PODS_ROOT}/Manifest.lock",
			);
			name = "[CP] Check Pods Manifest.lock";
			outputFileListPaths = (
			);
			outputPaths = (
				"$(DERIVED_FILE_DIR)/Pods-iOS_GrassdoorTests-checkManifestLockResult.txt",
			);
			runOnlyForDeploymentPostprocessing = 0;
			shellPath = /bin/sh;
			shellScript = "diff \"${PODS_PODFILE_DIR_PATH}/Podfile.lock\" \"${PODS_ROOT}/Manifest.lock\" > /dev/null\nif [ $? != 0 ] ; then\n    # print error to STDERR\n    echo \"error: The sandbox is not in sync with the Podfile.lock. Run 'pod install' or update your CocoaPods installation.\" >&2\n    exit 1\nfi\n# This output is used by Xcode 'outputs' to avoid re-running this script phase.\necho \"SUCCESS\" > \"${SCRIPT_OUTPUT_FILE_0}\"\n";
			showEnvVarsInLog = 0;
		};
		676BBAAB03B900CC0125841E /* [CP] Check Pods Manifest.lock */ = {
			isa = PBXShellScriptBuildPhase;
			buildActionMask = 2147483647;
			files = (
			);
			inputFileListPaths = (
			);
			inputPaths = (
				"${PODS_PODFILE_DIR_PATH}/Podfile.lock",
				"${PODS_ROOT}/Manifest.lock",
			);
			name = "[CP] Check Pods Manifest.lock";
			outputFileListPaths = (
			);
			outputPaths = (
				"$(DERIVED_FILE_DIR)/Pods-iOS_Grassdoor-checkManifestLockResult.txt",
			);
			runOnlyForDeploymentPostprocessing = 0;
			shellPath = /bin/sh;
			shellScript = "diff \"${PODS_PODFILE_DIR_PATH}/Podfile.lock\" \"${PODS_ROOT}/Manifest.lock\" > /dev/null\nif [ $? != 0 ] ; then\n    # print error to STDERR\n    echo \"error: The sandbox is not in sync with the Podfile.lock. Run 'pod install' or update your CocoaPods installation.\" >&2\n    exit 1\nfi\n# This output is used by Xcode 'outputs' to avoid re-running this script phase.\necho \"SUCCESS\" > \"${SCRIPT_OUTPUT_FILE_0}\"\n";
			showEnvVarsInLog = 0;
		};
		F441C74170A0402F4B436A5D /* [CP] Embed Pods Frameworks */ = {
			isa = PBXShellScriptBuildPhase;
			buildActionMask = 2147483647;
			files = (
			);
			inputFileListPaths = (
				"${PODS_ROOT}/Target Support Files/Pods-iOS_Grassdoor/Pods-iOS_Grassdoor-frameworks-${CONFIGURATION}-input-files.xcfilelist",
			);
			name = "[CP] Embed Pods Frameworks";
			outputFileListPaths = (
				"${PODS_ROOT}/Target Support Files/Pods-iOS_Grassdoor/Pods-iOS_Grassdoor-frameworks-${CONFIGURATION}-output-files.xcfilelist",
			);
			runOnlyForDeploymentPostprocessing = 0;
			shellPath = /bin/sh;
			shellScript = "\"${PODS_ROOT}/Target Support Files/Pods-iOS_Grassdoor/Pods-iOS_Grassdoor-frameworks.sh\"\n";
			showEnvVarsInLog = 0;
		};
/* End PBXShellScriptBuildPhase section */

/* Begin PBXSourcesBuildPhase section */
		ADEA9AFB2898F3DB00991E34 /* Sources */ = {
			isa = PBXSourcesBuildPhase;
			buildActionMask = 2147483647;
			files = (
				ADEA9B3B28995A9900991E34 /* DashboardModel.swift in Sources */,
				ADDD1AFA289D364200E4239D /* practice.swift in Sources */,
				ADEA9B0F2898F3DC00991E34 /* iOS_Grassdoor.xcdatamodeld in Sources */,
				ADEA9B352898F4E800991E34 /* DashboadView.swift in Sources */,
				ADEA9B40289967F900991E34 /* NetworkVC.swift in Sources */,
				AD127967289AA2560039006F /* DashboardDetailsView.swift in Sources */,
				ADB53CA2289BE19D0090D4A5 /* VideoLoadingView.swift in Sources */,
				ADEA9B0C2898F3DC00991E34 /* Persistence.swift in Sources */,
				AD127965289A85450039006F /* TopRatedMoviesModel.swift in Sources */,
				ADEA9B3E28995DEC00991E34 /* DashboardManager.swift in Sources */,
				ADEA9B3828995A8400991E34 /* DashboardViewModel.swift in Sources */,
				ADEA9B052898F3DB00991E34 /* ContentView.swift in Sources */,
				ADEA9B032898F3DB00991E34 /* iOS_GrassdoorApp.swift in Sources */,
			);
			runOnlyForDeploymentPostprocessing = 0;
		};
		ADEA9B102898F3DC00991E34 /* Sources */ = {
			isa = PBXSourcesBuildPhase;
			buildActionMask = 2147483647;
			files = (
				ADEA9B192898F3DC00991E34 /* iOS_GrassdoorTests.swift in Sources */,
			);
			runOnlyForDeploymentPostprocessing = 0;
		};
		ADEA9B1A2898F3DC00991E34 /* Sources */ = {
			isa = PBXSourcesBuildPhase;
			buildActionMask = 2147483647;
			files = (
				ADEA9B232898F3DD00991E34 /* iOS_GrassdoorUITests.swift in Sources */,
				ADEA9B252898F3DD00991E34 /* iOS_GrassdoorUITestsLaunchTests.swift in Sources */,
			);
			runOnlyForDeploymentPostprocessing = 0;
		};
/* End PBXSourcesBuildPhase section */

/* Begin PBXTargetDependency section */
		ADEA9B162898F3DC00991E34 /* PBXTargetDependency */ = {
			isa = PBXTargetDependency;
			target = ADEA9AFE2898F3DB00991E34 /* iOS_Grassdoor */;
			targetProxy = ADEA9B152898F3DC00991E34 /* PBXContainerItemProxy */;
		};
		ADEA9B202898F3DC00991E34 /* PBXTargetDependency */ = {
			isa = PBXTargetDependency;
			target = ADEA9AFE2898F3DB00991E34 /* iOS_Grassdoor */;
			targetProxy = ADEA9B1F2898F3DC00991E34 /* PBXContainerItemProxy */;
		};
/* End PBXTargetDependency section */

/* Begin XCBuildConfiguration section */
		ADEA9B262898F3DD00991E34 /* Debug */ = {
			isa = XCBuildConfiguration;
			buildSettings = {
				ALWAYS_SEARCH_USER_PATHS = NO;
				CLANG_ANALYZER_NONNULL = YES;
				CLANG_ANALYZER_NUMBER_OBJECT_CONVERSION = YES_AGGRESSIVE;
				CLANG_CXX_LANGUAGE_STANDARD = "gnu++17";
				CLANG_ENABLE_MODULES = YES;
				CLANG_ENABLE_OBJC_ARC = YES;
				CLANG_ENABLE_OBJC_WEAK = YES;
				CLANG_WARN_BLOCK_CAPTURE_AUTORELEASING = YES;
				CLANG_WARN_BOOL_CONVERSION = YES;
				CLANG_WARN_COMMA = YES;
				CLANG_WARN_CONSTANT_CONVERSION = YES;
				CLANG_WARN_DEPRECATED_OBJC_IMPLEMENTATIONS = YES;
				CLANG_WARN_DIRECT_OBJC_ISA_USAGE = YES_ERROR;
				CLANG_WARN_DOCUMENTATION_COMMENTS = YES;
				CLANG_WARN_EMPTY_BODY = YES;
				CLANG_WARN_ENUM_CONVERSION = YES;
				CLANG_WARN_INFINITE_RECURSION = YES;
				CLANG_WARN_INT_CONVERSION = YES;
				CLANG_WARN_NON_LITERAL_NULL_CONVERSION = YES;
				CLANG_WARN_OBJC_IMPLICIT_RETAIN_SELF = YES;
				CLANG_WARN_OBJC_LITERAL_CONVERSION = YES;
				CLANG_WARN_OBJC_ROOT_CLASS = YES_ERROR;
				CLANG_WARN_QUOTED_INCLUDE_IN_FRAMEWORK_HEADER = YES;
				CLANG_WARN_RANGE_LOOP_ANALYSIS = YES;
				CLANG_WARN_STRICT_PROTOTYPES = YES;
				CLANG_WARN_SUSPICIOUS_MOVE = YES;
				CLANG_WARN_UNGUARDED_AVAILABILITY = YES_AGGRESSIVE;
				CLANG_WARN_UNREACHABLE_CODE = YES;
				CLANG_WARN__DUPLICATE_METHOD_MATCH = YES;
				COPY_PHASE_STRIP = NO;
				DEBUG_INFORMATION_FORMAT = dwarf;
				ENABLE_STRICT_OBJC_MSGSEND = YES;
				ENABLE_TESTABILITY = YES;
				GCC_C_LANGUAGE_STANDARD = gnu11;
				GCC_DYNAMIC_NO_PIC = NO;
				GCC_NO_COMMON_BLOCKS = YES;
				GCC_OPTIMIZATION_LEVEL = 0;
				GCC_PREPROCESSOR_DEFINITIONS = (
					"DEBUG=1",
					"$(inherited)",
				);
				GCC_WARN_64_TO_32_BIT_CONVERSION = YES;
				GCC_WARN_ABOUT_RETURN_TYPE = YES_ERROR;
				GCC_WARN_UNDECLARED_SELECTOR = YES;
				GCC_WARN_UNINITIALIZED_AUTOS = YES_AGGRESSIVE;
				GCC_WARN_UNUSED_FUNCTION = YES;
				GCC_WARN_UNUSED_VARIABLE = YES;
				IPHONEOS_DEPLOYMENT_TARGET = 15.5;
				MTL_ENABLE_DEBUG_INFO = INCLUDE_SOURCE;
				MTL_FAST_MATH = YES;
				ONLY_ACTIVE_ARCH = YES;
				SDKROOT = iphoneos;
				SWIFT_ACTIVE_COMPILATION_CONDITIONS = DEBUG;
				SWIFT_OPTIMIZATION_LEVEL = "-Onone";
			};
			name = Debug;
		};
		ADEA9B272898F3DD00991E34 /* Release */ = {
			isa = XCBuildConfiguration;
			buildSettings = {
				ALWAYS_SEARCH_USER_PATHS = NO;
				CLANG_ANALYZER_NONNULL = YES;
				CLANG_ANALYZER_NUMBER_OBJECT_CONVERSION = YES_AGGRESSIVE;
				CLANG_CXX_LANGUAGE_STANDARD = "gnu++17";
				CLANG_ENABLE_MODULES = YES;
				CLANG_ENABLE_OBJC_ARC = YES;
				CLANG_ENABLE_OBJC_WEAK = YES;
				CLANG_WARN_BLOCK_CAPTURE_AUTORELEASING = YES;
				CLANG_WARN_BOOL_CONVERSION = YES;
				CLANG_WARN_COMMA = YES;
				CLANG_WARN_CONSTANT_CONVERSION = YES;
				CLANG_WARN_DEPRECATED_OBJC_IMPLEMENTATIONS = YES;
				CLANG_WARN_DIRECT_OBJC_ISA_USAGE = YES_ERROR;
				CLANG_WARN_DOCUMENTATION_COMMENTS = YES;
				CLANG_WARN_EMPTY_BODY = YES;
				CLANG_WARN_ENUM_CONVERSION = YES;
				CLANG_WARN_INFINITE_RECURSION = YES;
				CLANG_WARN_INT_CONVERSION = YES;
				CLANG_WARN_NON_LITERAL_NULL_CONVERSION = YES;
				CLANG_WARN_OBJC_IMPLICIT_RETAIN_SELF = YES;
				CLANG_WARN_OBJC_LITERAL_CONVERSION = YES;
				CLANG_WARN_OBJC_ROOT_CLASS = YES_ERROR;
				CLANG_WARN_QUOTED_INCLUDE_IN_FRAMEWORK_HEADER = YES;
				CLANG_WARN_RANGE_LOOP_ANALYSIS = YES;
				CLANG_WARN_STRICT_PROTOTYPES = YES;
				CLANG_WARN_SUSPICIOUS_MOVE = YES;
				CLANG_WARN_UNGUARDED_AVAILABILITY = YES_AGGRESSIVE;
				CLANG_WARN_UNREACHABLE_CODE = YES;
				CLANG_WARN__DUPLICATE_METHOD_MATCH = YES;
				COPY_PHASE_STRIP = NO;
				DEBUG_INFORMATION_FORMAT = "dwarf-with-dsym";
				ENABLE_NS_ASSERTIONS = NO;
				ENABLE_STRICT_OBJC_MSGSEND = YES;
				GCC_C_LANGUAGE_STANDARD = gnu11;
				GCC_NO_COMMON_BLOCKS = YES;
				GCC_WARN_64_TO_32_BIT_CONVERSION = YES;
				GCC_WARN_ABOUT_RETURN_TYPE = YES_ERROR;
				GCC_WARN_UNDECLARED_SELECTOR = YES;
				GCC_WARN_UNINITIALIZED_AUTOS = YES_AGGRESSIVE;
				GCC_WARN_UNUSED_FUNCTION = YES;
				GCC_WARN_UNUSED_VARIABLE = YES;
				IPHONEOS_DEPLOYMENT_TARGET = 15.5;
				MTL_ENABLE_DEBUG_INFO = NO;
				MTL_FAST_MATH = YES;
				SDKROOT = iphoneos;
				SWIFT_COMPILATION_MODE = wholemodule;
				SWIFT_OPTIMIZATION_LEVEL = "-O";
				VALIDATE_PRODUCT = YES;
			};
			name = Release;
		};
		ADEA9B292898F3DD00991E34 /* Debug */ = {
			isa = XCBuildConfiguration;
			baseConfigurationReference = 5BB5118EC1194EB63BC849D4 /* Pods-iOS_Grassdoor.debug.xcconfig */;
			buildSettings = {
				ASSETCATALOG_COMPILER_APPICON_NAME = AppIcon;
				ASSETCATALOG_COMPILER_GLOBAL_ACCENT_COLOR_NAME = AccentColor;
				CODE_SIGN_STYLE = Automatic;
				CURRENT_PROJECT_VERSION = 1;
				DEVELOPMENT_ASSET_PATHS = "\"iOS_Grassdoor/Preview Content\"";
				DEVELOPMENT_TEAM = RZK3P767LT;
				ENABLE_PREVIEWS = YES;
				GENERATE_INFOPLIST_FILE = YES;
				INFOPLIST_KEY_UIApplicationSceneManifest_Generation = YES;
				INFOPLIST_KEY_UIApplicationSupportsIndirectInputEvents = YES;
				INFOPLIST_KEY_UILaunchScreen_Generation = YES;
				INFOPLIST_KEY_UISupportedInterfaceOrientations_iPad = "UIInterfaceOrientationPortrait UIInterfaceOrientationPortraitUpsideDown UIInterfaceOrientationLandscapeLeft UIInterfaceOrientationLandscapeRight";
				INFOPLIST_KEY_UISupportedInterfaceOrientations_iPhone = "UIInterfaceOrientationPortrait UIInterfaceOrientationLandscapeLeft UIInterfaceOrientationLandscapeRight";
				LD_RUNPATH_SEARCH_PATHS = (
					"$(inherited)",
					"@executable_path/Frameworks",
				);
				MARKETING_VERSION = 1.0;
				PRODUCT_BUNDLE_IDENTIFIER = "com.myPicker.iOS-Grassdoor";
				PRODUCT_NAME = "$(TARGET_NAME)";
				SWIFT_EMIT_LOC_STRINGS = YES;
				SWIFT_VERSION = 5.0;
				TARGETED_DEVICE_FAMILY = "1,2";
			};
			name = Debug;
		};
		ADEA9B2A2898F3DD00991E34 /* Release */ = {
			isa = XCBuildConfiguration;
			baseConfigurationReference = D1021298413C843EBB7CF555 /* Pods-iOS_Grassdoor.release.xcconfig */;
			buildSettings = {
				ASSETCATALOG_COMPILER_APPICON_NAME = AppIcon;
				ASSETCATALOG_COMPILER_GLOBAL_ACCENT_COLOR_NAME = AccentColor;
				CODE_SIGN_STYLE = Automatic;
				CURRENT_PROJECT_VERSION = 1;
				DEVELOPMENT_ASSET_PATHS = "\"iOS_Grassdoor/Preview Content\"";
				DEVELOPMENT_TEAM = RZK3P767LT;
				ENABLE_PREVIEWS = YES;
				GENERATE_INFOPLIST_FILE = YES;
				INFOPLIST_KEY_UIApplicationSceneManifest_Generation = YES;
				INFOPLIST_KEY_UIApplicationSupportsIndirectInputEvents = YES;
				INFOPLIST_KEY_UILaunchScreen_Generation = YES;
				INFOPLIST_KEY_UISupportedInterfaceOrientations_iPad = "UIInterfaceOrientationPortrait UIInterfaceOrientationPortraitUpsideDown UIInterfaceOrientationLandscapeLeft UIInterfaceOrientationLandscapeRight";
				INFOPLIST_KEY_UISupportedInterfaceOrientations_iPhone = "UIInterfaceOrientationPortrait UIInterfaceOrientationLandscapeLeft UIInterfaceOrientationLandscapeRight";
				LD_RUNPATH_SEARCH_PATHS = (
					"$(inherited)",
					"@executable_path/Frameworks",
				);
				MARKETING_VERSION = 1.0;
				PRODUCT_BUNDLE_IDENTIFIER = "com.myPicker.iOS-Grassdoor";
				PRODUCT_NAME = "$(TARGET_NAME)";
				SWIFT_EMIT_LOC_STRINGS = YES;
				SWIFT_VERSION = 5.0;
				TARGETED_DEVICE_FAMILY = "1,2";
			};
			name = Release;
		};
		ADEA9B2C2898F3DD00991E34 /* Debug */ = {
			isa = XCBuildConfiguration;
			baseConfigurationReference = 3D59A2A5DC33BBE9C92C9B58 /* Pods-iOS_GrassdoorTests.debug.xcconfig */;
			buildSettings = {
				ALWAYS_EMBED_SWIFT_STANDARD_LIBRARIES = YES;
				BUNDLE_LOADER = "$(TEST_HOST)";
				CODE_SIGN_STYLE = Automatic;
				CURRENT_PROJECT_VERSION = 1;
				DEVELOPMENT_TEAM = RZK3P767LT;
				GENERATE_INFOPLIST_FILE = YES;
				IPHONEOS_DEPLOYMENT_TARGET = 15.5;
				MARKETING_VERSION = 1.0;
				PRODUCT_BUNDLE_IDENTIFIER = "com.myPicker.iOS-GrassdoorTests";
				PRODUCT_NAME = "$(TARGET_NAME)";
				SWIFT_EMIT_LOC_STRINGS = NO;
				SWIFT_VERSION = 5.0;
				TARGETED_DEVICE_FAMILY = "1,2";
				TEST_HOST = "$(BUILT_PRODUCTS_DIR)/iOS_Grassdoor.app/iOS_Grassdoor";
			};
			name = Debug;
		};
		ADEA9B2D2898F3DD00991E34 /* Release */ = {
			isa = XCBuildConfiguration;
			baseConfigurationReference = 0B5E6A70F34F16889AA24A36 /* Pods-iOS_GrassdoorTests.release.xcconfig */;
			buildSettings = {
				ALWAYS_EMBED_SWIFT_STANDARD_LIBRARIES = YES;
				BUNDLE_LOADER = "$(TEST_HOST)";
				CODE_SIGN_STYLE = Automatic;
				CURRENT_PROJECT_VERSION = 1;
				DEVELOPMENT_TEAM = RZK3P767LT;
				GENERATE_INFOPLIST_FILE = YES;
				IPHONEOS_DEPLOYMENT_TARGET = 15.5;
				MARKETING_VERSION = 1.0;
				PRODUCT_BUNDLE_IDENTIFIER = "com.myPicker.iOS-GrassdoorTests";
				PRODUCT_NAME = "$(TARGET_NAME)";
				SWIFT_EMIT_LOC_STRINGS = NO;
				SWIFT_VERSION = 5.0;
				TARGETED_DEVICE_FAMILY = "1,2";
				TEST_HOST = "$(BUILT_PRODUCTS_DIR)/iOS_Grassdoor.app/iOS_Grassdoor";
			};
			name = Release;
		};
		ADEA9B2F2898F3DD00991E34 /* Debug */ = {
			isa = XCBuildConfiguration;
			baseConfigurationReference = 7D1130B071D1A4A487F4FE94 /* Pods-iOS_Grassdoor-iOS_GrassdoorUITests.debug.xcconfig */;
			buildSettings = {
				ALWAYS_EMBED_SWIFT_STANDARD_LIBRARIES = YES;
				CODE_SIGN_STYLE = Automatic;
				CURRENT_PROJECT_VERSION = 1;
				DEVELOPMENT_TEAM = RZK3P767LT;
				GENERATE_INFOPLIST_FILE = YES;
				MARKETING_VERSION = 1.0;
				PRODUCT_BUNDLE_IDENTIFIER = "com.myPicker.iOS-GrassdoorUITests";
				PRODUCT_NAME = "$(TARGET_NAME)";
				SWIFT_EMIT_LOC_STRINGS = NO;
				SWIFT_VERSION = 5.0;
				TARGETED_DEVICE_FAMILY = "1,2";
				TEST_TARGET_NAME = iOS_Grassdoor;
			};
			name = Debug;
		};
		ADEA9B302898F3DD00991E34 /* Release */ = {
			isa = XCBuildConfiguration;
			baseConfigurationReference = 2D5C7AF3FCEBBC612E60750F /* Pods-iOS_Grassdoor-iOS_GrassdoorUITests.release.xcconfig */;
			buildSettings = {
				ALWAYS_EMBED_SWIFT_STANDARD_LIBRARIES = YES;
				CODE_SIGN_STYLE = Automatic;
				CURRENT_PROJECT_VERSION = 1;
				DEVELOPMENT_TEAM = RZK3P767LT;
				GENERATE_INFOPLIST_FILE = YES;
				MARKETING_VERSION = 1.0;
				PRODUCT_BUNDLE_IDENTIFIER = "com.myPicker.iOS-GrassdoorUITests";
				PRODUCT_NAME = "$(TARGET_NAME)";
				SWIFT_EMIT_LOC_STRINGS = NO;
				SWIFT_VERSION = 5.0;
				TARGETED_DEVICE_FAMILY = "1,2";
				TEST_TARGET_NAME = iOS_Grassdoor;
			};
			name = Release;
		};
/* End XCBuildConfiguration section */

/* Begin XCConfigurationList section */
		ADEA9AFA2898F3DB00991E34 /* Build configuration list for PBXProject "iOS_Grassdoor" */ = {
			isa = XCConfigurationList;
			buildConfigurations = (
				ADEA9B262898F3DD00991E34 /* Debug */,
				ADEA9B272898F3DD00991E34 /* Release */,
			);
			defaultConfigurationIsVisible = 0;
			defaultConfigurationName = Release;
		};
		ADEA9B282898F3DD00991E34 /* Build configuration list for PBXNativeTarget "iOS_Grassdoor" */ = {
			isa = XCConfigurationList;
			buildConfigurations = (
				ADEA9B292898F3DD00991E34 /* Debug */,
				ADEA9B2A2898F3DD00991E34 /* Release */,
			);
			defaultConfigurationIsVisible = 0;
			defaultConfigurationName = Release;
		};
		ADEA9B2B2898F3DD00991E34 /* Build configuration list for PBXNativeTarget "iOS_GrassdoorTests" */ = {
			isa = XCConfigurationList;
			buildConfigurations = (
				ADEA9B2C2898F3DD00991E34 /* Debug */,
				ADEA9B2D2898F3DD00991E34 /* Release */,
			);
			defaultConfigurationIsVisible = 0;
			defaultConfigurationName = Release;
		};
		ADEA9B2E2898F3DD00991E34 /* Build configuration list for PBXNativeTarget "iOS_GrassdoorUITests" */ = {
			isa = XCConfigurationList;
			buildConfigurations = (
				ADEA9B2F2898F3DD00991E34 /* Debug */,
				ADEA9B302898F3DD00991E34 /* Release */,
			);
			defaultConfigurationIsVisible = 0;
			defaultConfigurationName = Release;
		};
/* End XCConfigurationList section */

/* Begin XCVersionGroup section */
		ADEA9B0D2898F3DC00991E34 /* iOS_Grassdoor.xcdatamodeld */ = {
			isa = XCVersionGroup;
			children = (
				ADEA9B0E2898F3DC00991E34 /* iOS_Grassdoor.xcdatamodel */,
			);
			currentVersion = ADEA9B0E2898F3DC00991E34 /* iOS_Grassdoor.xcdatamodel */;
			path = iOS_Grassdoor.xcdatamodeld;
			sourceTree = "<group>";
			versionGroupType = wrapper.xcdatamodel;
		};
/* End XCVersionGroup section */
	};
	rootObject = ADEA9AF72898F3DB00991E34 /* Project object */;
}
